
Microsoft Visual Studio Solution File, Format Version 12.00
# Visual Studio Version 17
VisualStudioVersion = 17.6.33815.320
MinimumVisualStudioVersion = 10.0.40219.1
Project("{FAE04EC0-301F-11D3-BF4B-00C04F79EFBC}") = "UniTool.Utilities.Editor", "UniTool.Utilities.Editor\UniTool.Utilities.Editor.csproj", "{04F95CAE-AB75-4B7C-8898-807F599D1889}"
EndProject
Global
	GlobalSection(SolutionConfigurationPlatforms) = preSolution
		Debug|Any CPU = Debug|Any CPU
		Release|Any CPU = Release|Any CPU
	EndGlobalSection
	GlobalSection(ProjectConfigurationPlatforms) = postSolution
		{04F95CAE-AB75-4B7C-8898-807F599D1889}.Debug|Any CPU.ActiveCfg = Debug|Any CPU
		{04F95CAE-AB75-4B7C-8898-807F599D1889}.Debug|Any CPU.Build.0 = Debug|Any CPU
		{04F95CAE-AB75-4B7C-8898-807F599D1889}.Release|Any CPU.ActiveCfg = Release|Any CPU
		{04F95CAE-AB75-4B7C-8898-807F599D1889}.Release|Any CPU.Build.0 = Release|Any CPU
	EndGlobalSection
	GlobalSection(SolutionProperties) = preSolution
		HideSolutionNode = FALSE
	EndGlobalSection
	GlobalSection(ExtensibilityGlobals) = postSolution
		SolutionGuid = {636E51AC-6199-4AAD-AD7C-7BF1FC74717B}
	EndGlobalSection
EndGlobal
