
Microsoft Visual Studio Solution File, Format Version 12.00
# Visual Studio Version 17
VisualStudioVersion = 17.6.33815.320
MinimumVisualStudioVersion = 10.0.40219.1
Project("{FAE04EC0-301F-11D3-BF4B-00C04F79EFBC}") = "UniTool.Utilities", "UniTool.Utilities\UniTool.Utilities.csproj", "{E5363013-07DE-4F71-965A-0B34DDFEBAAF}"
EndProject
Global
	GlobalSection(SolutionConfigurationPlatforms) = preSolution
		Debug|Any CPU = Debug|Any CPU
		Release|Any CPU = Release|Any CPU
	EndGlobalSection
	GlobalSection(ProjectConfigurationPlatforms) = postSolution
		{E5363013-07DE-4F71-965A-0B34DDFEBAAF}.Debug|Any CPU.ActiveCfg = Debug|Any CPU
		{E5363013-07DE-4F71-965A-0B34DDFEBAAF}.Debug|Any CPU.Build.0 = Debug|Any CPU
		{E5363013-07DE-4F71-965A-0B34DDFEBAAF}.Release|Any CPU.ActiveCfg = Release|Any CPU
		{E5363013-07DE-4F71-965A-0B34DDFEBAAF}.Release|Any CPU.Build.0 = Release|Any CPU
	EndGlobalSection
	GlobalSection(SolutionProperties) = preSolution
		HideSolutionNode = FALSE
	EndGlobalSection
	GlobalSection(ExtensibilityGlobals) = postSolution
		SolutionGuid = {7A975C55-DF7E-41DD-A656-FFF03284F6E3}
	EndGlobalSection
EndGlobal
