
Microsoft Visual Studio Solution File, Format Version 12.00
# Visual Studio Version 17
VisualStudioVersion = 17.6.33815.320
MinimumVisualStudioVersion = 10.0.40219.1
Project("{FAE04EC0-301F-11D3-BF4B-00C04F79EFBC}") = "UniTool.Json", "UniTool.Json\UniTool.Json.csproj", "{EA7F6C8E-789E-479F-B7B9-2FE14E65CC09}"
EndProject
Global
	GlobalSection(SolutionConfigurationPlatforms) = preSolution
		Debug|Any CPU = Debug|Any CPU
		Release|Any CPU = Release|Any CPU
	EndGlobalSection
	GlobalSection(ProjectConfigurationPlatforms) = postSolution
		{EA7F6C8E-789E-479F-B7B9-2FE14E65CC09}.Debug|Any CPU.ActiveCfg = Debug|Any CPU
		{EA7F6C8E-789E-479F-B7B9-2FE14E65CC09}.Debug|Any CPU.Build.0 = Debug|Any CPU
		{EA7F6C8E-789E-479F-B7B9-2FE14E65CC09}.Release|Any CPU.ActiveCfg = Release|Any CPU
		{EA7F6C8E-789E-479F-B7B9-2FE14E65CC09}.Release|Any CPU.Build.0 = Release|Any CPU
	EndGlobalSection
	GlobalSection(SolutionProperties) = preSolution
		HideSolutionNode = FALSE
	EndGlobalSection
	GlobalSection(ExtensibilityGlobals) = postSolution
		SolutionGuid = {0A7C8193-3412-4746-8B09-211732CF52F6}
	EndGlobalSection
EndGlobal
